{
  "name": "ir-choco",
  "lockfileVersion": 3,
  "requires": true,
  "packages": {
    "": {
      "dependencies": {
        "k-means": "^1.0.0"
      }
    },
    "node_modules/k-means": {
      "version": "1.0.0",
      "resolved": "https://registry.npmjs.org/k-means/-/k-means-1.0.0.tgz",
      "integrity": "sha512-HR6EpQH/8SgXp/oEjIy4G2vaKdc2Bwp6ttmsaYZR9ARY6vX7ZeNSYJ9PvBElxTeOr9zVkewaNgUkSP67f3axmQ=="
    }
  }
}
